<?xml version="1.0" encoding="utf-8"?>
<Project ToolsVersion="4.0" xmlns="http://schemas.microsoft.com/developer/msbuild/2003">
  <ItemGroup>
    <Filter Include="Quelldateien">
      <UniqueIdentifier>{4FC737F1-C7A5-4376-A066-2A32D752A2FF}</UniqueIdentifier>
      <Extensions>cpp;c;cc;cxx;def;odl;idl;hpj;bat;asm;asmx</Extensions>
    </Filter>
    <Filter Include="Headerdateien">
      <UniqueIdentifier>{93995380-89BD-4b04-88EB-625FBE52EBFB}</UniqueIdentifier>
      <Extensions>h;hh;hpp;hxx;hm;inl;inc;xsd</Extensions>
    </Filter>
    <Filter Include="Ressourcendateien">
      <UniqueIdentifier>{67DA6AB6-F800-4c08-8B7A-83BB121AAD01}</UniqueIdentifier>
      <Extensions>rc;ico;cur;bmp;dlg;rc2;rct;bin;rgs;gif;jpg;jpeg;jpe;resx;tiff;tif;png;wav;mfcribbon-ms</Extensions>
    </Filter>
  </ItemGroup>
  <ItemGroup>
    <ClInclude Include="source\gui\resource.h">
      <Filter>Headerdateien</Filter>
    </ClInclude>
    <ClInclude Include="source\gui\stdafx.h">
      <Filter>Headerdateien</Filter>
    </ClInclude>
    <ClInclude Include="source\gui\targetver.h">
      <Filter>Headerdateien</Filter>
    </ClInclude>
    <ClInclude Include="source\gui\ZeldaAboutDlg.h">
      <Filter>Headerdateien</Filter>
    </ClInclude>
    <ClInclude Include="source\gui\ZeldaEditCharaStatsDlg.h">
      <Filter>Headerdateien</Filter>
    </ClInclude>
    <ClInclude Include="source\gui\ZeldaEditGeneralDlg.h">
      <Filter>Headerdateien</Filter>
    </ClInclude>
    <ClInclude Include="source\gui\ZeldaEditMaterials.h">
      <Filter>Headerdateien</Filter>
    </ClInclude>
    <ClInclude Include="source\gui\ZeldaHWLSaveEditorGUI.h">
      <Filter>Headerdateien</Filter>
    </ClInclude>
    <ClInclude Include="source\core\HWLException.h">
      <Filter>Headerdateien</Filter>
    </ClInclude>
    <ClInclude Include="source\core\HWLMaterial.h">
      <Filter>Headerdateien</Filter>
    </ClInclude>
    <ClInclude Include="source\core\HWLPlayer.h">
      <Filter>Headerdateien</Filter>
    </ClInclude>
    <ClInclude Include="source\core\HWLSaveEditor.h">
      <Filter>Headerdateien</Filter>
    </ClInclude>
    <ClInclude Include="source\core\HWLSaveEditorCore.h">
      <Filter>Headerdateien</Filter>
    </ClInclude>
    <ClInclude Include="source\core\HWLAdventureModeItems.h">
      <Filter>Headerdateien</Filter>
    </ClInclude>
    <ClInclude Include="source\core\HWLFairyFood.h">
      <Filter>Headerdateien</Filter>
    </ClInclude>
    <ClInclude Include="source\gui\ZeldaEditFairyFoods.h">
      <Filter>Headerdateien</Filter>
    </ClInclude>
    <ClInclude Include="source\gui\ZeldaEditAdventureModeItem.h">
      <Filter>Headerdateien</Filter>
    </ClInclude>
    <ClInclude Include="source\core\HWLFairy.h">
      <Filter>Headerdateien</Filter>
    </ClInclude>
    <ClInclude Include="source\gui\ZeldaEditFairyDlg.h">
      <Filter>Headerdateien</Filter>
    </ClInclude>
  </ItemGroup>
  <ItemGroup>
    <ClCompile Include="source\gui\stdafx.cpp">
      <Filter>Quelldateien</Filter>
    </ClCompile>
    <ClCompile Include="source\gui\ZeldaAboutDlg.cpp">
      <Filter>Quelldateien</Filter>
    </ClCompile>
    <ClCompile Include="source\gui\ZeldaEditCharaStatsDlg.cpp">
      <Filter>Quelldateien</Filter>
    </ClCompile>
    <ClCompile Include="source\gui\ZeldaEditGeneralDlg.cpp">
      <Filter>Quelldateien</Filter>
    </ClCompile>
    <ClCompile Include="source\gui\ZeldaEditMaterials.cpp">
      <Filter>Quelldateien</Filter>
    </ClCompile>
    <ClCompile Include="source\gui\ZeldaHWLSaveEditorGUI.cpp">
      <Filter>Quelldateien</Filter>
    </ClCompile>
    <ClCompile Include="source\core\HWLException.cpp">
      <Filter>Quelldateien</Filter>
    </ClCompile>
    <ClCompile Include="source\core\HWLMaterial.cpp">
      <Filter>Quelldateien</Filter>
    </ClCompile>
    <ClCompile Include="source\core\HWLPlayer.cpp">
      <Filter>Quelldateien</Filter>
    </ClCompile>
    <ClCompile Include="source\core\HWLSaveEditor.cpp">
      <Filter>Quelldateien</Filter>
    </ClCompile>
    <ClCompile Include="source\core\HWLSaveEditorCore.cpp">
      <Filter>Quelldateien</Filter>
    </ClCompile>
    <ClCompile Include="source\core\HWLAdventureModeItems.cpp">
      <Filter>Quelldateien</Filter>
    </ClCompile>
    <ClCompile Include="source\core\HWLFairyFood.cpp">
      <Filter>Quelldateien</Filter>
    </ClCompile>
    <ClCompile Include="source\gui\ZeldaEditFairyFoods.cpp">
      <Filter>Quelldateien</Filter>
    </ClCompile>
    <ClCompile Include="source\gui\ZeldaEditAdventureModeItem.cpp">
      <Filter>Quelldateien</Filter>
    </ClCompile>
    <ClCompile Include="source\core\HWLFairy.cpp">
      <Filter>Quelldateien</Filter>
    </ClCompile>
    <ClCompile Include="source\gui\ZeldaEditFairyDlg.cpp">
      <Filter>Quelldateien</Filter>
    </ClCompile>
  </ItemGroup>
  <ItemGroup>
    <ResourceCompile Include="source\gui\ZeldaHWLSaveEditorGUI.rc">
      <Filter>Ressourcendateien</Filter>
    </ResourceCompile>
  </ItemGroup>
  <ItemGroup>
    <Image Include="source\core\res\ZeldaHWLSaveEditorGUI.ico">
      <Filter>Ressourcendateien</Filter>
    </Image>
  </ItemGroup>
</Project>